Microsoft Visual Studio Solution File, Format Version 11.00
# Visual Studio 2008

Project("{BE1FF299-829F-5D65-F547-2EB23E0523D0}") = "Anticonsole", "Assembly-CSharp.csproj", "{ACC2C169-ECE9-9F86-D738-37D5822906EB}"
EndProject
Global
	GlobalSection(SolutionConfigurationPlatforms) = preSolution
		Debug|Any CPU = Debug|Any CPU
		Release|Any CPU = Release|Any CPU
	EndGlobalSection
	GlobalSection(ProjectConfigurationPlatforms) = postSolution
		{ACC2C169-ECE9-9F86-D738-37D5822906EB}.Debug|Any CPU.ActiveCfg = Debug|Any CPU
		{ACC2C169-ECE9-9F86-D738-37D5822906EB}.Debug|Any CPU.Build.0 = Debug|Any CPU
		{ACC2C169-ECE9-9F86-D738-37D5822906EB}.Release|Any CPU.ActiveCfg = Release|Any CPU
		{ACC2C169-ECE9-9F86-D738-37D5822906EB}.Release|Any CPU.Build.0 = Release|Any CPU
	EndGlobalSection
	GlobalSection(SolutionProperties) = preSolution
		HideSolutionNode = FALSE
	EndGlobalSection
									GlobalSection(MonoDevelopProperties) = preSolution
		StartupItem = Assembly-CSharp.csproj
		Policies = $0
		$0.TextStylePolicy = $1
		$1.inheritsSet = null
		$1.scope = text/x-csharp
		$0.CSharpFormattingPolicy = $2
		$2.inheritsSet = Mono
		$2.inheritsScope = text/x-csharp
		$2.scope = text/x-csharp
		$0.TextStylePolicy = $3
		$3.FileWidth = 120
		$3.TabWidth = 4
		$3.EolMarker = Unix
		$3.inheritsSet = Mono
		$3.inheritsScope = text/plain
		$3.scope = text/plain
	EndGlobalSection

EndGlobal
